
Microsoft Visual Studio Solution File, Format Version 12.00
# Visual Studio Version 16
VisualStudioVersion = 16.0.30503.244
MinimumVisualStudioVersion = 10.0.40219.1
Project("{8BC9CEB8-8B4A-11D0-8D11-00A0C91BC942}") = "SailBoat", "SailBoat.vcxproj", "{27B35357-48C5-4AA1-ACB5-90089A0C2D3D}"
EndProject
Global
	GlobalSection(SolutionConfigurationPlatforms) = preSolution
		Debug|ARM = Debug|ARM
		Debug|ARM64 = Debug|ARM64
		Release|ARM = Release|ARM
		Release|ARM64 = Release|ARM64
	EndGlobalSection
	GlobalSection(ProjectConfigurationPlatforms) = postSolution
		{27B35357-48C5-4AA1-ACB5-90089A0C2D3D}.Debug|ARM.ActiveCfg = Debug|ARM
		{27B35357-48C5-4AA1-ACB5-90089A0C2D3D}.Debug|ARM.Build.0 = Debug|ARM
		{27B35357-48C5-4AA1-ACB5-90089A0C2D3D}.Debug|ARM.Deploy.0 = Debug|ARM
		{27B35357-48C5-4AA1-ACB5-90089A0C2D3D}.Debug|ARM64.ActiveCfg = Debug|ARM64
		{27B35357-48C5-4AA1-ACB5-90089A0C2D3D}.Debug|ARM64.Build.0 = Debug|ARM64
		{27B35357-48C5-4AA1-ACB5-90089A0C2D3D}.Debug|ARM64.Deploy.0 = Debug|ARM64
		{27B35357-48C5-4AA1-ACB5-90089A0C2D3D}.Release|ARM.ActiveCfg = Release|ARM
		{27B35357-48C5-4AA1-ACB5-90089A0C2D3D}.Release|ARM.Build.0 = Release|ARM
		{27B35357-48C5-4AA1-ACB5-90089A0C2D3D}.Release|ARM.Deploy.0 = Release|ARM
		{27B35357-48C5-4AA1-ACB5-90089A0C2D3D}.Release|ARM64.ActiveCfg = Release|ARM64
		{27B35357-48C5-4AA1-ACB5-90089A0C2D3D}.Release|ARM64.Build.0 = Release|ARM64
		{27B35357-48C5-4AA1-ACB5-90089A0C2D3D}.Release|ARM64.Deploy.0 = Release|ARM64
	EndGlobalSection
	GlobalSection(SolutionProperties) = preSolution
		HideSolutionNode = FALSE
	EndGlobalSection
	GlobalSection(ExtensibilityGlobals) = postSolution
		SolutionGuid = {784781F8-9EA9-41F1-B3A6-0EA7AE8B4213}
	EndGlobalSection
EndGlobal
